
Microsoft Visual Studio Solution File, Format Version 12.00
# Visual Studio 15
VisualStudioVersion = 15.0.28307.1401
MinimumVisualStudioVersion = 10.0.40219.1
Project("{FAE04EC0-301F-11D3-BF4B-00C04F79EFBC}") = "Admin_Project", "Admin_Project\Admin_Project.csproj", "{B4424BE8-140B-4B9D-ABEA-BF75B3094EF1}"
EndProject
Global
	GlobalSection(SolutionConfigurationPlatforms) = preSolution
		Debug|Any CPU = Debug|Any CPU
		Release|Any CPU = Release|Any CPU
	EndGlobalSection
	GlobalSection(ProjectConfigurationPlatforms) = postSolution
		{B4424BE8-140B-4B9D-ABEA-BF75B3094EF1}.Debug|Any CPU.ActiveCfg = Debug|Any CPU
		{B4424BE8-140B-4B9D-ABEA-BF75B3094EF1}.Debug|Any CPU.Build.0 = Debug|Any CPU
		{B4424BE8-140B-4B9D-ABEA-BF75B3094EF1}.Release|Any CPU.ActiveCfg = Release|Any CPU
		{B4424BE8-140B-4B9D-ABEA-BF75B3094EF1}.Release|Any CPU.Build.0 = Release|Any CPU
	EndGlobalSection
	GlobalSection(SolutionProperties) = preSolution
		HideSolutionNode = FALSE
	EndGlobalSection
	GlobalSection(ExtensibilityGlobals) = postSolution
		SolutionGuid = {A97955C2-BDB5-4E24-B20A-7FEA4947131A}
	EndGlobalSection
EndGlobal
